
Microsoft Visual Studio Solution File, Format Version 12.00
# Visual Studio Version 16
VisualStudioVersion = 16.0.33927.289
MinimumVisualStudioVersion = 10.0.40219.1
Project("{2150E333-8FDC-42A3-9474-1A3956D46DE8}") = "TaskReview", "TaskReview", "{D74F2638-D16B-4E9C-9874-444BEF4F0DB8}"
EndProject
Project("{FAE04EC0-301F-11D3-BF4B-00C04F79EFBC}") = "Tyuiu.BelovaEA.Sprint3.TaskReview.V8", "Tyuiu.BelovaEA.Sprint3.TaskReview.V8\Tyuiu.BelovaEA.Sprint3.TaskReview.V8.csproj", "{22E9E66D-D376-469B-9791-7FB799E0D46D}"
EndProject
Project("{FAE04EC0-301F-11D3-BF4B-00C04F79EFBC}") = "Tyuiu.BelovaEA.Sprint3.TaskReview.V8.Lib", "Tyuiu.BelovaEA.Sprint3.TaskReview.V8.Lib\Tyuiu.BelovaEA.Sprint3.TaskReview.V8.Lib.csproj", "{76B8152D-69F1-452D-A320-9C31D926E1D0}"
EndProject
Project("{FAE04EC0-301F-11D3-BF4B-00C04F79EFBC}") = "Tyuiu.BelovaEA.Sprint3.TaskReview.V8.Test", "Tyuiu.BelovaEA.Sprint3.TaskReview.V8.Test\Tyuiu.BelovaEA.Sprint3.TaskReview.V8.Test.csproj", "{4D6B41D7-D182-4021-ACDA-F244B7F652CC}"
EndProject
Global
	GlobalSection(SolutionConfigurationPlatforms) = preSolution
		Debug|Any CPU = Debug|Any CPU
		Release|Any CPU = Release|Any CPU
	EndGlobalSection
	GlobalSection(ProjectConfigurationPlatforms) = postSolution
		{22E9E66D-D376-469B-9791-7FB799E0D46D}.Debug|Any CPU.ActiveCfg = Debug|Any CPU
		{22E9E66D-D376-469B-9791-7FB799E0D46D}.Debug|Any CPU.Build.0 = Debug|Any CPU
		{22E9E66D-D376-469B-9791-7FB799E0D46D}.Release|Any CPU.ActiveCfg = Release|Any CPU
		{22E9E66D-D376-469B-9791-7FB799E0D46D}.Release|Any CPU.Build.0 = Release|Any CPU
		{76B8152D-69F1-452D-A320-9C31D926E1D0}.Debug|Any CPU.ActiveCfg = Debug|Any CPU
		{76B8152D-69F1-452D-A320-9C31D926E1D0}.Debug|Any CPU.Build.0 = Debug|Any CPU
		{76B8152D-69F1-452D-A320-9C31D926E1D0}.Release|Any CPU.ActiveCfg = Release|Any CPU
		{76B8152D-69F1-452D-A320-9C31D926E1D0}.Release|Any CPU.Build.0 = Release|Any CPU
		{4D6B41D7-D182-4021-ACDA-F244B7F652CC}.Debug|Any CPU.ActiveCfg = Debug|Any CPU
		{4D6B41D7-D182-4021-ACDA-F244B7F652CC}.Debug|Any CPU.Build.0 = Debug|Any CPU
		{4D6B41D7-D182-4021-ACDA-F244B7F652CC}.Release|Any CPU.ActiveCfg = Release|Any CPU
		{4D6B41D7-D182-4021-ACDA-F244B7F652CC}.Release|Any CPU.Build.0 = Release|Any CPU
	EndGlobalSection
	GlobalSection(SolutionProperties) = preSolution
		HideSolutionNode = FALSE
	EndGlobalSection
	GlobalSection(NestedProjects) = preSolution
		{22E9E66D-D376-469B-9791-7FB799E0D46D} = {D74F2638-D16B-4E9C-9874-444BEF4F0DB8}
		{76B8152D-69F1-452D-A320-9C31D926E1D0} = {D74F2638-D16B-4E9C-9874-444BEF4F0DB8}
		{4D6B41D7-D182-4021-ACDA-F244B7F652CC} = {D74F2638-D16B-4E9C-9874-444BEF4F0DB8}
	EndGlobalSection
	GlobalSection(ExtensibilityGlobals) = postSolution
		SolutionGuid = {7A5A7634-73D8-4FAE-91D2-76174491A6AC}
	EndGlobalSection
EndGlobal
